
Microsoft Visual Studio Solution File, Format Version 12.00
# Visual Studio Version 17
VisualStudioVersion = 17.7.34031.279
MinimumVisualStudioVersion = 10.0.40219.1
Project("{9A19103F-16F7-4668-BE54-9A1E7A4F7556}") = "ReadingPT.WebSiteApi", "ReadingPT.WebSiteApi\ReadingPT.WebSiteApi.csproj", "{A15E44DF-6FCD-4126-AC03-AE788A4C89A4}"
EndProject
Project("{FAE04EC0-301F-11D3-BF4B-00C04F79EFBC}") = "ReadingPT.Models", "ReadingPT.Models\ReadingPT.Models.csproj", "{EA38CA1D-17D1-4ED1-BAF8-8E1ACA7895C7}"
EndProject
Global
	GlobalSection(SolutionConfigurationPlatforms) = preSolution
		Debug|Any CPU = Debug|Any CPU
		Release|Any CPU = Release|Any CPU
	EndGlobalSection
	GlobalSection(ProjectConfigurationPlatforms) = postSolution
		{A15E44DF-6FCD-4126-AC03-AE788A4C89A4}.Debug|Any CPU.ActiveCfg = Debug|Any CPU
		{A15E44DF-6FCD-4126-AC03-AE788A4C89A4}.Debug|Any CPU.Build.0 = Debug|Any CPU
		{A15E44DF-6FCD-4126-AC03-AE788A4C89A4}.Release|Any CPU.ActiveCfg = Release|Any CPU
		{A15E44DF-6FCD-4126-AC03-AE788A4C89A4}.Release|Any CPU.Build.0 = Release|Any CPU
		{EA38CA1D-17D1-4ED1-BAF8-8E1ACA7895C7}.Debug|Any CPU.ActiveCfg = Debug|Any CPU
		{EA38CA1D-17D1-4ED1-BAF8-8E1ACA7895C7}.Debug|Any CPU.Build.0 = Debug|Any CPU
		{EA38CA1D-17D1-4ED1-BAF8-8E1ACA7895C7}.Release|Any CPU.ActiveCfg = Release|Any CPU
		{EA38CA1D-17D1-4ED1-BAF8-8E1ACA7895C7}.Release|Any CPU.Build.0 = Release|Any CPU
	EndGlobalSection
	GlobalSection(SolutionProperties) = preSolution
		HideSolutionNode = FALSE
	EndGlobalSection
	GlobalSection(ExtensibilityGlobals) = postSolution
		SolutionGuid = {CBCB45EF-07EC-4180-B8DF-0DF6C76A9BA6}
	EndGlobalSection
EndGlobal
