
Microsoft Visual Studio Solution File, Format Version 12.00
# Visual Studio Version 17
VisualStudioVersion = 17.7.34031.279
MinimumVisualStudioVersion = 10.0.40219.1
Project("{9A19103F-16F7-4668-BE54-9A1E7A4F7556}") = "DataCheck.Website", "DataCheck.Website\DataCheck.Website.csproj", "{B7B49889-5579-46D5-9003-6D47DC474E93}"
EndProject
Global
	GlobalSection(SolutionConfigurationPlatforms) = preSolution
		Debug|Any CPU = Debug|Any CPU
		Release|Any CPU = Release|Any CPU
	EndGlobalSection
	GlobalSection(ProjectConfigurationPlatforms) = postSolution
		{B7B49889-5579-46D5-9003-6D47DC474E93}.Debug|Any CPU.ActiveCfg = Debug|Any CPU
		{B7B49889-5579-46D5-9003-6D47DC474E93}.Debug|Any CPU.Build.0 = Debug|Any CPU
		{B7B49889-5579-46D5-9003-6D47DC474E93}.Release|Any CPU.ActiveCfg = Release|Any CPU
		{B7B49889-5579-46D5-9003-6D47DC474E93}.Release|Any CPU.Build.0 = Release|Any CPU
	EndGlobalSection
	GlobalSection(SolutionProperties) = preSolution
		HideSolutionNode = FALSE
	EndGlobalSection
	GlobalSection(ExtensibilityGlobals) = postSolution
		SolutionGuid = {19750915-3062-4E67-8FD6-DD42CECE26B2}
	EndGlobalSection
EndGlobal
