
Microsoft Visual Studio Solution File, Format Version 12.00
# Visual Studio Version 17
VisualStudioVersion = 17.7.34221.43
MinimumVisualStudioVersion = 10.0.40219.1
Project("{FAE04EC0-301F-11D3-BF4B-00C04F79EFBC}") = "ZhaoxiAdmin.Website", "ZhaoxiAdmin.Website\ZhaoxiAdmin.Website.csproj", "{FC10CF84-86C2-474A-905E-79D397F4BF68}"
EndProject
Global
	GlobalSection(SolutionConfigurationPlatforms) = preSolution
		Debug|Any CPU = Debug|Any CPU
		Release|Any CPU = Release|Any CPU
	EndGlobalSection
	GlobalSection(ProjectConfigurationPlatforms) = postSolution
		{FC10CF84-86C2-474A-905E-79D397F4BF68}.Debug|Any CPU.ActiveCfg = Debug|Any CPU
		{FC10CF84-86C2-474A-905E-79D397F4BF68}.Debug|Any CPU.Build.0 = Debug|Any CPU
		{FC10CF84-86C2-474A-905E-79D397F4BF68}.Release|Any CPU.ActiveCfg = Release|Any CPU
		{FC10CF84-86C2-474A-905E-79D397F4BF68}.Release|Any CPU.Build.0 = Release|Any CPU
	EndGlobalSection
	GlobalSection(SolutionProperties) = preSolution
		HideSolutionNode = FALSE
	EndGlobalSection
	GlobalSection(ExtensibilityGlobals) = postSolution
		SolutionGuid = {613B3860-F07C-4520-ACCC-1733A101AE07}
	EndGlobalSection
EndGlobal
