
Microsoft Visual Studio Solution File, Format Version 12.00
# Visual Studio Version 17
VisualStudioVersion = 17.5.33627.172
MinimumVisualStudioVersion = 10.0.40219.1
Project("{9A19103F-16F7-4668-BE54-9A1E7A4F7556}") = "AgDataHandle.Web", "AgDataHandle.Web\AgDataHandle.Web.csproj", "{90DE6663-5D75-455A-B3CF-20FF1BEB9894}"
EndProject
Project("{FAE04EC0-301F-11D3-BF4B-00C04F79EFBC}") = "AgDataHandle.BaseService", "AgDataHandle.BaseService\AgDataHandle.BaseService.csproj", "{104BA6D3-4BB3-4091-A3F2-4231EC4FF790}"
EndProject
Project("{2150E333-8FDC-42A3-9474-1A3956D46DE8}") = "AgDataHandle.Convert", "AgDataHandle.Convert", "{CFDC1AB7-1DDD-408B-81F2-0E67F27D87F7}"
EndProject
Project("{9A19103F-16F7-4668-BE54-9A1E7A4F7556}") = "AgDataHandle.SdbTo3dtiles", "AgDataHandle.Convert\AgDataHandle.SdbTo3dtiles\AgDataHandle.SdbTo3dtiles.csproj", "{EB80CEE8-3DFC-40B6-A423-3576F4A37A19}"
EndProject
Project("{2150E333-8FDC-42A3-9474-1A3956D46DE8}") = "AgDataHandle.DB", "AgDataHandle.DB", "{7733931F-FF05-42DA-8248-23FB0819951E}"
EndProject
Project("{9A19103F-16F7-4668-BE54-9A1E7A4F7556}") = "AgDataHandle.BasicDB", "AgDataHandle.DB\AgDataHandle.BasicDB\AgDataHandle.BasicDB.csproj", "{BCA3F32F-2895-4849-B2A2-AC8EEE4F2D6A}"
EndProject
Project("{9A19103F-16F7-4668-BE54-9A1E7A4F7556}") = "AgDataHandle.Domain", "AgDataHandle.DB\AgDataHandle.Domain\AgDataHandle.Domain.csproj", "{F8458DA2-DA74-4116-BEC0-D29DE2FBDD13}"
EndProject
Global
	GlobalSection(SolutionConfigurationPlatforms) = preSolution
		Debug|Any CPU = Debug|Any CPU
		Release|Any CPU = Release|Any CPU
	EndGlobalSection
	GlobalSection(ProjectConfigurationPlatforms) = postSolution
		{90DE6663-5D75-455A-B3CF-20FF1BEB9894}.Debug|Any CPU.ActiveCfg = Debug|Any CPU
		{90DE6663-5D75-455A-B3CF-20FF1BEB9894}.Debug|Any CPU.Build.0 = Debug|Any CPU
		{90DE6663-5D75-455A-B3CF-20FF1BEB9894}.Release|Any CPU.ActiveCfg = Release|Any CPU
		{90DE6663-5D75-455A-B3CF-20FF1BEB9894}.Release|Any CPU.Build.0 = Release|Any CPU
		{104BA6D3-4BB3-4091-A3F2-4231EC4FF790}.Debug|Any CPU.ActiveCfg = Debug|Any CPU
		{104BA6D3-4BB3-4091-A3F2-4231EC4FF790}.Debug|Any CPU.Build.0 = Debug|Any CPU
		{104BA6D3-4BB3-4091-A3F2-4231EC4FF790}.Release|Any CPU.ActiveCfg = Release|Any CPU
		{104BA6D3-4BB3-4091-A3F2-4231EC4FF790}.Release|Any CPU.Build.0 = Release|Any CPU
		{EB80CEE8-3DFC-40B6-A423-3576F4A37A19}.Debug|Any CPU.ActiveCfg = Debug|Any CPU
		{EB80CEE8-3DFC-40B6-A423-3576F4A37A19}.Debug|Any CPU.Build.0 = Debug|Any CPU
		{EB80CEE8-3DFC-40B6-A423-3576F4A37A19}.Release|Any CPU.ActiveCfg = Release|Any CPU
		{EB80CEE8-3DFC-40B6-A423-3576F4A37A19}.Release|Any CPU.Build.0 = Release|Any CPU
		{BCA3F32F-2895-4849-B2A2-AC8EEE4F2D6A}.Debug|Any CPU.ActiveCfg = Debug|Any CPU
		{BCA3F32F-2895-4849-B2A2-AC8EEE4F2D6A}.Debug|Any CPU.Build.0 = Debug|Any CPU
		{BCA3F32F-2895-4849-B2A2-AC8EEE4F2D6A}.Release|Any CPU.ActiveCfg = Release|Any CPU
		{BCA3F32F-2895-4849-B2A2-AC8EEE4F2D6A}.Release|Any CPU.Build.0 = Release|Any CPU
		{F8458DA2-DA74-4116-BEC0-D29DE2FBDD13}.Debug|Any CPU.ActiveCfg = Debug|Any CPU
		{F8458DA2-DA74-4116-BEC0-D29DE2FBDD13}.Debug|Any CPU.Build.0 = Debug|Any CPU
		{F8458DA2-DA74-4116-BEC0-D29DE2FBDD13}.Release|Any CPU.ActiveCfg = Release|Any CPU
		{F8458DA2-DA74-4116-BEC0-D29DE2FBDD13}.Release|Any CPU.Build.0 = Release|Any CPU
	EndGlobalSection
	GlobalSection(SolutionProperties) = preSolution
		HideSolutionNode = FALSE
	EndGlobalSection
	GlobalSection(NestedProjects) = preSolution
		{EB80CEE8-3DFC-40B6-A423-3576F4A37A19} = {CFDC1AB7-1DDD-408B-81F2-0E67F27D87F7}
		{BCA3F32F-2895-4849-B2A2-AC8EEE4F2D6A} = {7733931F-FF05-42DA-8248-23FB0819951E}
		{F8458DA2-DA74-4116-BEC0-D29DE2FBDD13} = {7733931F-FF05-42DA-8248-23FB0819951E}
	EndGlobalSection
	GlobalSection(ExtensibilityGlobals) = postSolution
		SolutionGuid = {BB66AB6C-F1E5-4CD2-89AD-8C4A32117262}
	EndGlobalSection
EndGlobal
